
Microsoft Visual Studio Solution File, Format Version 12.00
# Visual Studio Version 17
VisualStudioVersion = 17.9.34622.214
MinimumVisualStudioVersion = 10.0.40219.1
Project("{9A19103F-16F7-4668-BE54-9A1E7A4F7556}") = "SistemaDeTarefas", "SistemaDeTarefas.csproj", "{A2027CF8-301F-4879-A587-F95D153D80A8}"
EndProject
Project("{FAE04EC0-301F-11D3-BF4B-00C04F79EFBC}") = "SistemaDeTarefasTests", "..\SistemaDeTarefasTests\SistemaDeTarefasTests.csproj", "{95889879-319B-41A9-B3B5-DA4F81919FF2}"
EndProject
Global
	GlobalSection(SolutionConfigurationPlatforms) = preSolution
		Debug|Any CPU = Debug|Any CPU
		Release|Any CPU = Release|Any CPU
	EndGlobalSection
	GlobalSection(ProjectConfigurationPlatforms) = postSolution
		{A2027CF8-301F-4879-A587-F95D153D80A8}.Debug|Any CPU.ActiveCfg = Debug|Any CPU
		{A2027CF8-301F-4879-A587-F95D153D80A8}.Debug|Any CPU.Build.0 = Debug|Any CPU
		{A2027CF8-301F-4879-A587-F95D153D80A8}.Release|Any CPU.ActiveCfg = Release|Any CPU
		{A2027CF8-301F-4879-A587-F95D153D80A8}.Release|Any CPU.Build.0 = Release|Any CPU
		{95889879-319B-41A9-B3B5-DA4F81919FF2}.Debug|Any CPU.ActiveCfg = Debug|Any CPU
		{95889879-319B-41A9-B3B5-DA4F81919FF2}.Debug|Any CPU.Build.0 = Debug|Any CPU
		{95889879-319B-41A9-B3B5-DA4F81919FF2}.Release|Any CPU.ActiveCfg = Release|Any CPU
		{95889879-319B-41A9-B3B5-DA4F81919FF2}.Release|Any CPU.Build.0 = Release|Any CPU
	EndGlobalSection
	GlobalSection(SolutionProperties) = preSolution
		HideSolutionNode = FALSE
	EndGlobalSection
	GlobalSection(ExtensibilityGlobals) = postSolution
		SolutionGuid = {A4147957-DEE4-47D2-BB5E-5A2947D994DF}
	EndGlobalSection
EndGlobal
